
Microsoft Visual Studio Solution File, Format Version 12.00
# Visual Studio Version 17
VisualStudioVersion = 17.1.32414.318
MinimumVisualStudioVersion = 10.0.40219.1
Project("{FAE04EC0-301F-11D3-BF4B-00C04F79EFBC}") = "lab_teamcity", "lab_teamcity\lab_teamcity.csproj", "{55038770-3FF1-414D-BCB7-0FBFFFFF351F}"
EndProject
Global
	GlobalSection(SolutionConfigurationPlatforms) = preSolution
		Debug|Any CPU = Debug|Any CPU
		Release|Any CPU = Release|Any CPU
	EndGlobalSection
	GlobalSection(ProjectConfigurationPlatforms) = postSolution
		{55038770-3FF1-414D-BCB7-0FBFFFFF351F}.Debug|Any CPU.ActiveCfg = Debug|Any CPU
		{55038770-3FF1-414D-BCB7-0FBFFFFF351F}.Debug|Any CPU.Build.0 = Debug|Any CPU
		{55038770-3FF1-414D-BCB7-0FBFFFFF351F}.Release|Any CPU.ActiveCfg = Release|Any CPU
		{55038770-3FF1-414D-BCB7-0FBFFFFF351F}.Release|Any CPU.Build.0 = Release|Any CPU
	EndGlobalSection
	GlobalSection(SolutionProperties) = preSolution
		HideSolutionNode = FALSE
	EndGlobalSection
	GlobalSection(ExtensibilityGlobals) = postSolution
		SolutionGuid = {7D140825-EEA3-455A-8110-118119C52617}
	EndGlobalSection
EndGlobal
