
Microsoft Visual Studio Solution File, Format Version 12.00
# Visual Studio Version 17
VisualStudioVersion = 17.1.32414.318
MinimumVisualStudioVersion = 10.0.40219.1
Project("{FAE04EC0-301F-11D3-BF4B-00C04F79EFBC}") = "lab_teamcity", "lab_teamcity\lab_teamcity.csproj", "{42B29496-0115-44D1-987A-FE9AE5FA4AE4}"
EndProject
Project("{FAE04EC0-301F-11D3-BF4B-00C04F79EFBC}") = "UnitTest", "UnitTest\UnitTest.csproj", "{EEFF8486-F86C-4F65-B574-8E66CA38C5F8}"
	ProjectSection(ProjectDependencies) = postProject
		{42B29496-0115-44D1-987A-FE9AE5FA4AE4} = {42B29496-0115-44D1-987A-FE9AE5FA4AE4}
	EndProjectSection
EndProject
Global
	GlobalSection(SolutionConfigurationPlatforms) = preSolution
		Debug|Any CPU = Debug|Any CPU
		Release|Any CPU = Release|Any CPU
	EndGlobalSection
	GlobalSection(ProjectConfigurationPlatforms) = postSolution
		{42B29496-0115-44D1-987A-FE9AE5FA4AE4}.Debug|Any CPU.ActiveCfg = Debug|Any CPU
		{42B29496-0115-44D1-987A-FE9AE5FA4AE4}.Debug|Any CPU.Build.0 = Debug|Any CPU
		{42B29496-0115-44D1-987A-FE9AE5FA4AE4}.Release|Any CPU.ActiveCfg = Release|Any CPU
		{42B29496-0115-44D1-987A-FE9AE5FA4AE4}.Release|Any CPU.Build.0 = Release|Any CPU
		{EEFF8486-F86C-4F65-B574-8E66CA38C5F8}.Debug|Any CPU.ActiveCfg = Debug|Any CPU
		{EEFF8486-F86C-4F65-B574-8E66CA38C5F8}.Debug|Any CPU.Build.0 = Debug|Any CPU
		{EEFF8486-F86C-4F65-B574-8E66CA38C5F8}.Release|Any CPU.ActiveCfg = Release|Any CPU
		{EEFF8486-F86C-4F65-B574-8E66CA38C5F8}.Release|Any CPU.Build.0 = Release|Any CPU
	EndGlobalSection
	GlobalSection(SolutionProperties) = preSolution
		HideSolutionNode = FALSE
	EndGlobalSection
	GlobalSection(ExtensibilityGlobals) = postSolution
		SolutionGuid = {5FF2C39A-AD2B-472C-927C-86606F70E38A}
	EndGlobalSection
EndGlobal
